
Microsoft Visual Studio Solution File, Format Version 12.00
# Visual Studio Version 17
VisualStudioVersion = 17.9.34728.123
MinimumVisualStudioVersion = 10.0.40219.1
Project("{FAE04EC0-301F-11D3-BF4B-00C04F79EFBC}") = "DateConverter.Domain", "DateConverter\DateConverter.Domain.csproj", "{AB51BC29-D4D4-445B-B5A9-8A9C36DD4A2A}"
EndProject
Project("{FAE04EC0-301F-11D3-BF4B-00C04F79EFBC}") = "DateConverter.Api", "DateConverter.Api\DateConverter.Api.csproj", "{8656C5B6-9B06-4C5C-B432-D410CDBECFD0}"
EndProject
Project("{2150E333-8FDC-42A3-9474-1A3956D46DE8}") = "0 - Presentation", "0 - Presentation", "{02EA681E-C7D8-13C7-8484-4AC65E1B71E8}"
EndProject
Project("{2150E333-8FDC-42A3-9474-1A3956D46DE8}") = "1 - Domain", "1 - Domain", "{1BD17A38-E143-4420-AA93-E52E1835C71A}"
EndProject
Global
	GlobalSection(SolutionConfigurationPlatforms) = preSolution
		Debug|Any CPU = Debug|Any CPU
		Release|Any CPU = Release|Any CPU
	EndGlobalSection
	GlobalSection(ProjectConfigurationPlatforms) = postSolution
		{AB51BC29-D4D4-445B-B5A9-8A9C36DD4A2A}.Debug|Any CPU.ActiveCfg = Debug|Any CPU
		{AB51BC29-D4D4-445B-B5A9-8A9C36DD4A2A}.Debug|Any CPU.Build.0 = Debug|Any CPU
		{AB51BC29-D4D4-445B-B5A9-8A9C36DD4A2A}.Release|Any CPU.ActiveCfg = Release|Any CPU
		{AB51BC29-D4D4-445B-B5A9-8A9C36DD4A2A}.Release|Any CPU.Build.0 = Release|Any CPU
		{8656C5B6-9B06-4C5C-B432-D410CDBECFD0}.Debug|Any CPU.ActiveCfg = Debug|Any CPU
		{8656C5B6-9B06-4C5C-B432-D410CDBECFD0}.Debug|Any CPU.Build.0 = Debug|Any CPU
		{8656C5B6-9B06-4C5C-B432-D410CDBECFD0}.Release|Any CPU.ActiveCfg = Release|Any CPU
		{8656C5B6-9B06-4C5C-B432-D410CDBECFD0}.Release|Any CPU.Build.0 = Release|Any CPU
	EndGlobalSection
	GlobalSection(SolutionProperties) = preSolution
		HideSolutionNode = FALSE
	EndGlobalSection
	GlobalSection(NestedProjects) = preSolution
		{AB51BC29-D4D4-445B-B5A9-8A9C36DD4A2A} = {1BD17A38-E143-4420-AA93-E52E1835C71A}
		{8656C5B6-9B06-4C5C-B432-D410CDBECFD0} = {02EA681E-C7D8-13C7-8484-4AC65E1B71E8}
	EndGlobalSection
	GlobalSection(ExtensibilityGlobals) = postSolution
		SolutionGuid = {5625E91B-3A07-47BB-9026-19A8794F2ED3}
	EndGlobalSection
EndGlobal
